
Microsoft Visual Studio Solution File, Format Version 12.00
# Visual Studio Version 16
VisualStudioVersion = 16.0.29806.167
MinimumVisualStudioVersion = 10.0.40219.1
Project("{8BC9CEB8-8B4A-11D0-8D11-00A0C91BC942}") = "App", "App.vcxproj", "{B3B98DDD-DC71-42CC-ACDF-7E292B57D1CF}"
EndProject
Global
	GlobalSection(SolutionConfigurationPlatforms) = preSolution
		Debug|x64 = Debug|x64
		Release|x64 = Release|x64
	EndGlobalSection
	GlobalSection(ProjectConfigurationPlatforms) = postSolution
		{B3B98DDD-DC71-42CC-ACDF-7E292B57D1CF}.Debug|x64.ActiveCfg = Debug|x64
		{B3B98DDD-DC71-42CC-ACDF-7E292B57D1CF}.Debug|x64.Build.0 = Debug|x64
		{B3B98DDD-DC71-42CC-ACDF-7E292B57D1CF}.Release|x64.ActiveCfg = Release|x64
		{B3B98DDD-DC71-42CC-ACDF-7E292B57D1CF}.Release|x64.Build.0 = Release|x64
	EndGlobalSection
	GlobalSection(SolutionProperties) = preSolution
		HideSolutionNode = FALSE
	EndGlobalSection
	GlobalSection(ExtensibilityGlobals) = postSolution
		SolutionGuid = {58901878-618C-4417-BB43-1CF0BDB1FE64}
	EndGlobalSection
EndGlobal
